
Microsoft Visual Studio Solution File, Format Version 12.00
# Visual Studio Version 17
VisualStudioVersion = 17.5.33424.131
MinimumVisualStudioVersion = 10.0.40219.1
Project("{FAE04EC0-301F-11D3-BF4B-00C04F79EFBC}") = "LojaDoManoelAPI", "LojaDoManoelAPI.csproj", "{EC17CB38-DB07-4FDE-AB3A-D7641352795B}"
EndProject
Global
	GlobalSection(SolutionConfigurationPlatforms) = preSolution
		Debug|Any CPU = Debug|Any CPU
		Release|Any CPU = Release|Any CPU
	EndGlobalSection
	GlobalSection(ProjectConfigurationPlatforms) = postSolution
		{EC17CB38-DB07-4FDE-AB3A-D7641352795B}.Debug|Any CPU.ActiveCfg = Debug|Any CPU
		{EC17CB38-DB07-4FDE-AB3A-D7641352795B}.Debug|Any CPU.Build.0 = Debug|Any CPU
		{EC17CB38-DB07-4FDE-AB3A-D7641352795B}.Release|Any CPU.ActiveCfg = Release|Any CPU
		{EC17CB38-DB07-4FDE-AB3A-D7641352795B}.Release|Any CPU.Build.0 = Release|Any CPU
	EndGlobalSection
	GlobalSection(SolutionProperties) = preSolution
		HideSolutionNode = FALSE
	EndGlobalSection
	GlobalSection(ExtensibilityGlobals) = postSolution
		SolutionGuid = {D94190C6-2A49-46F0-BE61-A19FE868E3D5}
	EndGlobalSection
EndGlobal
